{
  "requires": true,
  "lockfileVersion": 1,
  "dependencies": {
    "bootstrap-input-spinner": {
      "version": "3.1.7",
      "resolved": "https://registry.npmjs.org/bootstrap-input-spinner/-/bootstrap-input-spinner-3.1.7.tgz",
      "integrity": "sha512-Ck0d/DmC9c9d6GywSPiQR8OtBuoXDCW+surQeiKgl89Lw2qpqw5x1BRx+WBhXWnxzI4c1uJhTF128OKSj9qWPA=="
    },
    "sweetalert2": {
      "version": "11.1.9",
      "resolved": "https://registry.npmjs.org/sweetalert2/-/sweetalert2-11.1.9.tgz",
      "integrity": "sha512-ox+BjtAbO8mJrbQH9TsNwMwLeTfV+ve33CVz/kKn5D/DhRiSqnw2rWL4HuBlh9Z4yqYlTD5viR5Z2K5D3avM7Q=="
    }
  }
}
